
Microsoft Visual Studio Solution File, Format Version 12.00
# Visual Studio Version 16
VisualStudioVersion = 25.0.1704.0
MinimumVisualStudioVersion = 10.0.40219.1
Project("{2150E333-8FDC-42A3-9474-1A3956D46DE8}") = "src", "src", "{0024B4C4-F8E4-497F-AD0B-3E3FB1E9A6E8}"
EndProject
Project("{2150E333-8FDC-42A3-9474-1A3956D46DE8}") = "01.Api", "01.Api", "{7B1F55D7-FF12-402F-B9DE-599495753B19}"
EndProject
Project("{FAE04EC0-301F-11D3-BF4B-00C04F79EFBC}") = "crud.Api", "crud.Api\crud.Api.csproj", "{C19CF06E-B211-4DB2-A766-64EB4C1FC5F3}"
EndProject
Project("{2150E333-8FDC-42A3-9474-1A3956D46DE8}") = "02.Data", "02.Data", "{CB0854AF-D8C5-46E7-973E-DF04B91A6655}"
EndProject
Project("{FAE04EC0-301F-11D3-BF4B-00C04F79EFBC}") = "crud.Data", "crud.Data\crud.Data.csproj", "{BFECFD9A-2D9F-4923-8E87-DEC0E2238088}"
EndProject
Project("{FAE04EC0-301F-11D3-BF4B-00C04F79EFBC}") = "crud.Domain", "crud.Data\crud.Domain\crud.Domain.csproj", "{E2CEB740-D48C-4F15-97F1-B62AD638C6EB}"
EndProject
Project("{FAE04EC0-301F-11D3-BF4B-00C04F79EFBC}") = "crud.Domain", "crud.Domain\crud.Domain.csproj", "{C88686CB-4E91-4F90-B48F-4CF94A30D297}"
EndProject
Global
	GlobalSection(SolutionConfigurationPlatforms) = preSolution
		Debug|Any CPU = Debug|Any CPU
		Release|Any CPU = Release|Any CPU
	EndGlobalSection
	GlobalSection(ProjectConfigurationPlatforms) = postSolution
		{6966AF1A-F466-4E88-9AAC-7AA405466E6C}.Debug|Any CPU.ActiveCfg = Debug|Any CPU
		{6966AF1A-F466-4E88-9AAC-7AA405466E6C}.Debug|Any CPU.Build.0 = Debug|Any CPU
		{6966AF1A-F466-4E88-9AAC-7AA405466E6C}.Release|Any CPU.ActiveCfg = Release|Any CPU
		{6966AF1A-F466-4E88-9AAC-7AA405466E6C}.Release|Any CPU.Build.0 = Release|Any CPU
		{C19CF06E-B211-4DB2-A766-64EB4C1FC5F3}.Debug|Any CPU.ActiveCfg = Debug|Any CPU
		{C19CF06E-B211-4DB2-A766-64EB4C1FC5F3}.Debug|Any CPU.Build.0 = Debug|Any CPU
		{C19CF06E-B211-4DB2-A766-64EB4C1FC5F3}.Release|Any CPU.ActiveCfg = Release|Any CPU
		{C19CF06E-B211-4DB2-A766-64EB4C1FC5F3}.Release|Any CPU.Build.0 = Release|Any CPU
		{BFECFD9A-2D9F-4923-8E87-DEC0E2238088}.Debug|Any CPU.ActiveCfg = Debug|Any CPU
		{BFECFD9A-2D9F-4923-8E87-DEC0E2238088}.Debug|Any CPU.Build.0 = Debug|Any CPU
		{BFECFD9A-2D9F-4923-8E87-DEC0E2238088}.Release|Any CPU.ActiveCfg = Release|Any CPU
		{BFECFD9A-2D9F-4923-8E87-DEC0E2238088}.Release|Any CPU.Build.0 = Release|Any CPU
		{796B95AF-E548-404A-84D6-87768156F08E}.Debug|Any CPU.ActiveCfg = Debug|Any CPU
		{796B95AF-E548-404A-84D6-87768156F08E}.Debug|Any CPU.Build.0 = Debug|Any CPU
		{796B95AF-E548-404A-84D6-87768156F08E}.Release|Any CPU.ActiveCfg = Release|Any CPU
		{796B95AF-E548-404A-84D6-87768156F08E}.Release|Any CPU.Build.0 = Release|Any CPU
		{E2CEB740-D48C-4F15-97F1-B62AD638C6EB}.Debug|Any CPU.ActiveCfg = Debug|Any CPU
		{E2CEB740-D48C-4F15-97F1-B62AD638C6EB}.Debug|Any CPU.Build.0 = Debug|Any CPU
		{E2CEB740-D48C-4F15-97F1-B62AD638C6EB}.Release|Any CPU.ActiveCfg = Release|Any CPU
		{E2CEB740-D48C-4F15-97F1-B62AD638C6EB}.Release|Any CPU.Build.0 = Release|Any CPU
		{C88686CB-4E91-4F90-B48F-4CF94A30D297}.Debug|Any CPU.ActiveCfg = Debug|Any CPU
		{C88686CB-4E91-4F90-B48F-4CF94A30D297}.Debug|Any CPU.Build.0 = Debug|Any CPU
		{C88686CB-4E91-4F90-B48F-4CF94A30D297}.Release|Any CPU.ActiveCfg = Release|Any CPU
		{C88686CB-4E91-4F90-B48F-4CF94A30D297}.Release|Any CPU.Build.0 = Release|Any CPU
	EndGlobalSection
	GlobalSection(SolutionProperties) = preSolution
		HideSolutionNode = FALSE
	EndGlobalSection
	GlobalSection(ExtensibilityGlobals) = postSolution
		SolutionGuid = {FBD8AD62-A26E-42C1-9839-C981571E965F}
	EndGlobalSection
	GlobalSection(NestedProjects) = preSolution
		{7B1F55D7-FF12-402F-B9DE-599495753B19} = {0024B4C4-F8E4-497F-AD0B-3E3FB1E9A6E8}
		{F7732790-9906-41FF-9196-4CA4CEADF116} = {0024B4C4-F8E4-497F-AD0B-3E3FB1E9A6E8}
		{C19CF06E-B211-4DB2-A766-64EB4C1FC5F3} = {7B1F55D7-FF12-402F-B9DE-599495753B19}
		{CB0854AF-D8C5-46E7-973E-DF04B91A6655} = {0024B4C4-F8E4-497F-AD0B-3E3FB1E9A6E8}
		{BFECFD9A-2D9F-4923-8E87-DEC0E2238088} = {CB0854AF-D8C5-46E7-973E-DF04B91A6655}
		{E2CEB740-D48C-4F15-97F1-B62AD638C6EB} = {CB0854AF-D8C5-46E7-973E-DF04B91A6655}
		{C88686CB-4E91-4F90-B48F-4CF94A30D297} = {CB0854AF-D8C5-46E7-973E-DF04B91A6655}
	EndGlobalSection
EndGlobal
